
Microsoft Visual Studio Solution File, Format Version 12.00
# Visual Studio Version 16
VisualStudioVersion = 16.0.30011.22
MinimumVisualStudioVersion = 10.0.40219.1
Project("{FAE04EC0-301F-11D3-BF4B-00C04F79EFBC}") = "Podler", "Podler\Podler.csproj", "{F570C00E-0D54-4140-83D9-4C51DED1359D}"
EndProject
Project("{FAE04EC0-301F-11D3-BF4B-00C04F79EFBC}") = "Podler.WebApi", "Podler.WebApi\Podler.WebApi.csproj", "{534AEA04-5687-4E4D-B36B-1819765817D8}"
EndProject
Project("{FAE04EC0-301F-11D3-BF4B-00C04F79EFBC}") = "Podler.Models", "Podler.Models\Podler.Models.csproj", "{37E54C43-7E47-408B-AE03-7AD557A5BBEB}"
EndProject
Global
	GlobalSection(SolutionConfigurationPlatforms) = preSolution
		Debug|Any CPU = Debug|Any CPU
		Release|Any CPU = Release|Any CPU
	EndGlobalSection
	GlobalSection(ProjectConfigurationPlatforms) = postSolution
		{F570C00E-0D54-4140-83D9-4C51DED1359D}.Debug|Any CPU.ActiveCfg = Debug|Any CPU
		{F570C00E-0D54-4140-83D9-4C51DED1359D}.Debug|Any CPU.Build.0 = Debug|Any CPU
		{F570C00E-0D54-4140-83D9-4C51DED1359D}.Release|Any CPU.ActiveCfg = Release|Any CPU
		{F570C00E-0D54-4140-83D9-4C51DED1359D}.Release|Any CPU.Build.0 = Release|Any CPU
		{534AEA04-5687-4E4D-B36B-1819765817D8}.Debug|Any CPU.ActiveCfg = Debug|Any CPU
		{534AEA04-5687-4E4D-B36B-1819765817D8}.Debug|Any CPU.Build.0 = Debug|Any CPU
		{534AEA04-5687-4E4D-B36B-1819765817D8}.Release|Any CPU.ActiveCfg = Release|Any CPU
		{534AEA04-5687-4E4D-B36B-1819765817D8}.Release|Any CPU.Build.0 = Release|Any CPU
		{37E54C43-7E47-408B-AE03-7AD557A5BBEB}.Debug|Any CPU.ActiveCfg = Debug|Any CPU
		{37E54C43-7E47-408B-AE03-7AD557A5BBEB}.Debug|Any CPU.Build.0 = Debug|Any CPU
		{37E54C43-7E47-408B-AE03-7AD557A5BBEB}.Release|Any CPU.ActiveCfg = Release|Any CPU
		{37E54C43-7E47-408B-AE03-7AD557A5BBEB}.Release|Any CPU.Build.0 = Release|Any CPU
	EndGlobalSection
	GlobalSection(SolutionProperties) = preSolution
		HideSolutionNode = FALSE
	EndGlobalSection
	GlobalSection(ExtensibilityGlobals) = postSolution
		SolutionGuid = {D614190F-CC7D-45C6-96E3-DC8975165FBF}
	EndGlobalSection
EndGlobal
